
Microsoft Visual Studio Solution File, Format Version 12.00
# Visual Studio Version 17
VisualStudioVersion = 17.1.32228.430
MinimumVisualStudioVersion = 10.0.40219.1
Project("{FAE04EC0-301F-11D3-BF4B-00C04F79EFBC}") = "WpfBuildAnApp", "WpfBuildAnApp.csproj", "{9A8430CB-7534-48E3-8E82-D8D0110335ED}"
EndProject
Global
	GlobalSection(SolutionConfigurationPlatforms) = preSolution
		Debug|Any CPU = Debug|Any CPU
		Release|Any CPU = Release|Any CPU
	EndGlobalSection
	GlobalSection(ProjectConfigurationPlatforms) = postSolution
		{9A8430CB-7534-48E3-8E82-D8D0110335ED}.Debug|Any CPU.ActiveCfg = Debug|Any CPU
		{9A8430CB-7534-48E3-8E82-D8D0110335ED}.Debug|Any CPU.Build.0 = Debug|Any CPU
		{9A8430CB-7534-48E3-8E82-D8D0110335ED}.Release|Any CPU.ActiveCfg = Release|Any CPU
		{9A8430CB-7534-48E3-8E82-D8D0110335ED}.Release|Any CPU.Build.0 = Release|Any CPU
	EndGlobalSection
	GlobalSection(SolutionProperties) = preSolution
		HideSolutionNode = FALSE
	EndGlobalSection
	GlobalSection(ExtensibilityGlobals) = postSolution
		SolutionGuid = {CB8DFB41-0059-43A4-B01D-5AD3A6E4DE1A}
	EndGlobalSection
EndGlobal
