
Microsoft Visual Studio Solution File, Format Version 12.00
# Visual Studio Version 17
VisualStudioVersion = 17.1.32210.238
MinimumVisualStudioVersion = 10.0.40219.1
Project("{FAE04EC0-301F-11D3-BF4B-00C04F79EFBC}") = "Save the Humans", "Save the Humans.csproj", "{9ECDF7F7-E3C7-4882-8FEE-7A406C6482E0}"
EndProject
Global
	GlobalSection(SolutionConfigurationPlatforms) = preSolution
		Debug|Any CPU = Debug|Any CPU
		Release|Any CPU = Release|Any CPU
	EndGlobalSection
	GlobalSection(ProjectConfigurationPlatforms) = postSolution
		{9ECDF7F7-E3C7-4882-8FEE-7A406C6482E0}.Debug|Any CPU.ActiveCfg = Debug|Any CPU
		{9ECDF7F7-E3C7-4882-8FEE-7A406C6482E0}.Debug|Any CPU.Build.0 = Debug|Any CPU
		{9ECDF7F7-E3C7-4882-8FEE-7A406C6482E0}.Release|Any CPU.ActiveCfg = Release|Any CPU
		{9ECDF7F7-E3C7-4882-8FEE-7A406C6482E0}.Release|Any CPU.Build.0 = Release|Any CPU
	EndGlobalSection
	GlobalSection(SolutionProperties) = preSolution
		HideSolutionNode = FALSE
	EndGlobalSection
	GlobalSection(ExtensibilityGlobals) = postSolution
		SolutionGuid = {79D47EB1-3B08-4E38-BF2E-E49C264053FB}
	EndGlobalSection
EndGlobal
