
Microsoft Visual Studio Solution File, Format Version 12.00
# Visual Studio Version 17
VisualStudioVersion = 17.1.32228.430
MinimumVisualStudioVersion = 10.0.40219.1
Project("{FAE04EC0-301F-11D3-BF4B-00C04F79EFBC}") = "WPFusingIfElse", "WPFusingIfElse.csproj", "{1C2D1410-458C-4EA4-AE0F-FC5B530F4876}"
EndProject
Global
	GlobalSection(SolutionConfigurationPlatforms) = preSolution
		Debug|Any CPU = Debug|Any CPU
		Release|Any CPU = Release|Any CPU
	EndGlobalSection
	GlobalSection(ProjectConfigurationPlatforms) = postSolution
		{1C2D1410-458C-4EA4-AE0F-FC5B530F4876}.Debug|Any CPU.ActiveCfg = Debug|Any CPU
		{1C2D1410-458C-4EA4-AE0F-FC5B530F4876}.Debug|Any CPU.Build.0 = Debug|Any CPU
		{1C2D1410-458C-4EA4-AE0F-FC5B530F4876}.Release|Any CPU.ActiveCfg = Release|Any CPU
		{1C2D1410-458C-4EA4-AE0F-FC5B530F4876}.Release|Any CPU.Build.0 = Release|Any CPU
	EndGlobalSection
	GlobalSection(SolutionProperties) = preSolution
		HideSolutionNode = FALSE
	EndGlobalSection
	GlobalSection(ExtensibilityGlobals) = postSolution
		SolutionGuid = {FF964728-2492-4CD0-B3FB-B302A5FD11CD}
	EndGlobalSection
EndGlobal
